
Microsoft Visual Studio Solution File, Format Version 12.00
# Visual Studio 2013
VisualStudioVersion = 12.0.21005.1
MinimumVisualStudioVersion = 10.0.40219.1
Project("{8BC9CEB8-8B4A-11D0-8D11-00A0C91BC942}") = "HitCheck", "HitCheck.vcxproj", "{D7780FD0-25A7-47D9-A694-3DA5CDDCF0A5}"
EndProject
Global
	GlobalSection(SolutionConfigurationPlatforms) = preSolution
		Debug|Win32 = Debug|Win32
		Release|Win32 = Release|Win32
	EndGlobalSection
	GlobalSection(ProjectConfigurationPlatforms) = postSolution
		{D7780FD0-25A7-47D9-A694-3DA5CDDCF0A5}.Debug|Win32.ActiveCfg = Debug|Win32
		{D7780FD0-25A7-47D9-A694-3DA5CDDCF0A5}.Debug|Win32.Build.0 = Debug|Win32
		{D7780FD0-25A7-47D9-A694-3DA5CDDCF0A5}.Release|Win32.ActiveCfg = Release|Win32
		{D7780FD0-25A7-47D9-A694-3DA5CDDCF0A5}.Release|Win32.Build.0 = Release|Win32
	EndGlobalSection
	GlobalSection(SolutionProperties) = preSolution
		HideSolutionNode = FALSE
	EndGlobalSection
EndGlobal
